{
  "name": "blaser_2019",
  "version": "1.0.0",
  "lockfileVersion": 1,
  "requires": true,
  "dependencies": {
    "@fortawesome/fontawesome-free": {
      "version": "5.8.1",
      "resolved": "https://registry.npmjs.org/@fortawesome/fontawesome-free/-/fontawesome-free-5.8.1.tgz",
      "integrity": "sha512-GJtx6e55qLEOy2gPOsok2lohjpdWNGrYGtQx0FFT/++K4SYx+Z8LlPHdQBaFzKEwH5IbBB4fNgb//uyZjgYXoA==",
      "dev": true
    },
    "animate.css": {
      "version": "3.7.0",
      "resolved": "https://registry.npmjs.org/animate.css/-/animate.css-3.7.0.tgz",
      "integrity": "sha512-u3iMXDJr0cxMdQocIciDiou9Au4L5f9uT+/jCtprw3s1j3HcfCuI+khF+90Ps2KdsEhM2soF7SXB4WUvI3HlXg=="
    },
    "hover.css": {
      "version": "2.3.2",
      "resolved": "https://registry.npmjs.org/hover.css/-/hover.css-2.3.2.tgz",
      "integrity": "sha1-8HGT2cdAnU45UTTTsiFbmetV4NM="
    },
    "jquery": {
      "version": "3.3.1",
      "resolved": "https://registry.npmjs.org/jquery/-/jquery-3.3.1.tgz",
      "integrity": "sha512-Ubldcmxp5np52/ENotGxlLe6aGMvmF4R8S6tZjsP6Knsaxd/xp3Zrh50cG93lR6nPXyUFwzN3ZSOQI0wRJNdGg=="
    },
    "jquery-parallax.js": {
      "version": "1.5.0",
      "resolved": "https://registry.npmjs.org/jquery-parallax.js/-/jquery-parallax.js-1.5.0.tgz",
      "integrity": "sha512-+SyyADkSloW92ZbqJ53yT8M+36GLI+SFOM32q3NeScEJ32u+YCxrDCmpdZmBjrUcJ/CFYuaq9fRwvhfE5u75ew==",
      "requires": {
        "jquery": ">=1.7"
      },
      "dependencies": {
        "jquery": {
          "version": "3.3.1",
          "resolved": "https://registry.npmjs.org/jquery/-/jquery-3.3.1.tgz",
          "integrity": "sha512-Ubldcmxp5np52/ENotGxlLe6aGMvmF4R8S6tZjsP6Knsaxd/xp3Zrh50cG93lR6nPXyUFwzN3ZSOQI0wRJNdGg=="
        }
      }
    },
    "owl.carousel": {
      "version": "2.3.4",
      "resolved": "https://registry.npmjs.org/owl.carousel/-/owl.carousel-2.3.4.tgz",
      "integrity": "sha512-JaDss9+feAvEW8KZppPSpllfposEzQiW+Ytt/Xm5t/3CTJ7YVmkh6RkWixoA2yXk2boIwedYxOvrrppIGzru9A==",
      "requires": {
        "jquery": ">=1.8.3"
      },
      "dependencies": {
        "jquery": {
          "version": "3.3.1",
          "resolved": "https://registry.npmjs.org/jquery/-/jquery-3.3.1.tgz",
          "integrity": "sha512-Ubldcmxp5np52/ENotGxlLe6aGMvmF4R8S6tZjsP6Knsaxd/xp3Zrh50cG93lR6nPXyUFwzN3ZSOQI0wRJNdGg=="
        }
      }
    },
    "paroller.js": {
      "version": "1.4.6",
      "resolved": "https://registry.npmjs.org/paroller.js/-/paroller.js-1.4.6.tgz",
      "integrity": "sha512-zmDQR0Sz+n4FQO72m0uXUhtfktbkkojkmphf4dKKhx1hy1usj2oIb5Rh0cp/ELucUg+i0UaYbwXGPR+0/ywmdw==",
      "requires": {
        "jquery": "^3.1.0"
      },
      "dependencies": {
        "jquery": {
          "version": "3.3.1",
          "resolved": "https://registry.npmjs.org/jquery/-/jquery-3.3.1.tgz",
          "integrity": "sha512-Ubldcmxp5np52/ENotGxlLe6aGMvmF4R8S6tZjsP6Knsaxd/xp3Zrh50cG93lR6nPXyUFwzN3ZSOQI0wRJNdGg=="
        }
      }
    }
  }
}
